{
    "requires": true,
    "lockfileVersion": 1,
    "dependencies": {
        "vue-json-pretty": {
            "version": "1.8.2",
            "resolved": "https://registry.npmjs.org/vue-json-pretty/-/vue-json-pretty-1.8.2.tgz",
            "integrity": "sha512-8DbgvyXpBrhDdBzz8RTe+POZ+HI6nSa33DqsPMWhMkv0u0ATklgxErUM3XRRvTzOQ/02Sh1LNWJ/rkqTow2rbA=="
        }
    }
}
